
Microsoft Visual Studio Solution File, Format Version 12.00
# Visual Studio Version 17
VisualStudioVersion = 17.7.34202.233
MinimumVisualStudioVersion = 10.0.40219.1
Project("{9A19103F-16F7-4668-BE54-9A1E7A4F7556}") = "MilkTeaBusinessObject", "MilkTeaBusinessObject\MilkTeaBusinessObject.csproj", "{5BFDBDA4-0562-4026-A96C-0DEEE4FEBB41}"
EndProject
Project("{9A19103F-16F7-4668-BE54-9A1E7A4F7556}") = "MilkTeaDAO", "MilkTeaDAO\MilkTeaDAO.csproj", "{34A8C8F3-D12B-4370-AA27-3F39CF6114D0}"
EndProject
Project("{9A19103F-16F7-4668-BE54-9A1E7A4F7556}") = "MilkTeaRepository", "MilkTeaRepository\MilkTeaRepository.csproj", "{9872D7B7-FCA4-4C19-8F9F-39A57C8F128F}"
EndProject
Project("{9A19103F-16F7-4668-BE54-9A1E7A4F7556}") = "MilkTeaServices", "MilkTeaServices\MilkTeaServices.csproj", "{B7928E3A-3A2E-491C-8AB0-44485C7490C6}"
EndProject
Project("{9A19103F-16F7-4668-BE54-9A1E7A4F7556}") = "MilkTeaStore", "MilkTeaStore\MilkTeaStore.csproj", "{4A160B7D-F1F8-43B7-8338-DC6D98D5DF7A}"
EndProject
Global
	GlobalSection(SolutionConfigurationPlatforms) = preSolution
		Debug|Any CPU = Debug|Any CPU
		Release|Any CPU = Release|Any CPU
	EndGlobalSection
	GlobalSection(ProjectConfigurationPlatforms) = postSolution
		{5BFDBDA4-0562-4026-A96C-0DEEE4FEBB41}.Debug|Any CPU.ActiveCfg = Debug|Any CPU
		{5BFDBDA4-0562-4026-A96C-0DEEE4FEBB41}.Debug|Any CPU.Build.0 = Debug|Any CPU
		{5BFDBDA4-0562-4026-A96C-0DEEE4FEBB41}.Release|Any CPU.ActiveCfg = Release|Any CPU
		{5BFDBDA4-0562-4026-A96C-0DEEE4FEBB41}.Release|Any CPU.Build.0 = Release|Any CPU
		{34A8C8F3-D12B-4370-AA27-3F39CF6114D0}.Debug|Any CPU.ActiveCfg = Debug|Any CPU
		{34A8C8F3-D12B-4370-AA27-3F39CF6114D0}.Debug|Any CPU.Build.0 = Debug|Any CPU
		{34A8C8F3-D12B-4370-AA27-3F39CF6114D0}.Release|Any CPU.ActiveCfg = Release|Any CPU
		{34A8C8F3-D12B-4370-AA27-3F39CF6114D0}.Release|Any CPU.Build.0 = Release|Any CPU
		{9872D7B7-FCA4-4C19-8F9F-39A57C8F128F}.Debug|Any CPU.ActiveCfg = Debug|Any CPU
		{9872D7B7-FCA4-4C19-8F9F-39A57C8F128F}.Debug|Any CPU.Build.0 = Debug|Any CPU
		{9872D7B7-FCA4-4C19-8F9F-39A57C8F128F}.Release|Any CPU.ActiveCfg = Release|Any CPU
		{9872D7B7-FCA4-4C19-8F9F-39A57C8F128F}.Release|Any CPU.Build.0 = Release|Any CPU
		{B7928E3A-3A2E-491C-8AB0-44485C7490C6}.Debug|Any CPU.ActiveCfg = Debug|Any CPU
		{B7928E3A-3A2E-491C-8AB0-44485C7490C6}.Debug|Any CPU.Build.0 = Debug|Any CPU
		{B7928E3A-3A2E-491C-8AB0-44485C7490C6}.Release|Any CPU.ActiveCfg = Release|Any CPU
		{B7928E3A-3A2E-491C-8AB0-44485C7490C6}.Release|Any CPU.Build.0 = Release|Any CPU
		{4A160B7D-F1F8-43B7-8338-DC6D98D5DF7A}.Debug|Any CPU.ActiveCfg = Debug|Any CPU
		{4A160B7D-F1F8-43B7-8338-DC6D98D5DF7A}.Debug|Any CPU.Build.0 = Debug|Any CPU
		{4A160B7D-F1F8-43B7-8338-DC6D98D5DF7A}.Release|Any CPU.ActiveCfg = Release|Any CPU
		{4A160B7D-F1F8-43B7-8338-DC6D98D5DF7A}.Release|Any CPU.Build.0 = Release|Any CPU
	EndGlobalSection
	GlobalSection(SolutionProperties) = preSolution
		HideSolutionNode = FALSE
	EndGlobalSection
	GlobalSection(ExtensibilityGlobals) = postSolution
		SolutionGuid = {A986DC31-0520-4D3E-8128-371014260186}
	EndGlobalSection
EndGlobal
